
Microsoft Visual Studio Solution File, Format Version 12.00
# Visual Studio Version 16
VisualStudioVersion = 16.0.31729.503
MinimumVisualStudioVersion = 10.0.40219.1
Project("{FAE04EC0-301F-11D3-BF4B-00C04F79EFBC}") = "MercadoMVC", "MercadoMVC\MercadoMVC.csproj", "{2482708F-5BD1-4A5D-9F79-9A223F2E3EC2}"
EndProject
Global
	GlobalSection(SolutionConfigurationPlatforms) = preSolution
		Debug|Any CPU = Debug|Any CPU
		Release|Any CPU = Release|Any CPU
	EndGlobalSection
	GlobalSection(ProjectConfigurationPlatforms) = postSolution
		{2482708F-5BD1-4A5D-9F79-9A223F2E3EC2}.Debug|Any CPU.ActiveCfg = Debug|Any CPU
		{2482708F-5BD1-4A5D-9F79-9A223F2E3EC2}.Debug|Any CPU.Build.0 = Debug|Any CPU
		{2482708F-5BD1-4A5D-9F79-9A223F2E3EC2}.Release|Any CPU.ActiveCfg = Release|Any CPU
		{2482708F-5BD1-4A5D-9F79-9A223F2E3EC2}.Release|Any CPU.Build.0 = Release|Any CPU
	EndGlobalSection
	GlobalSection(SolutionProperties) = preSolution
		HideSolutionNode = FALSE
	EndGlobalSection
	GlobalSection(ExtensibilityGlobals) = postSolution
		SolutionGuid = {B10D3579-6A92-4CD4-8B0A-5DE02AFDF8F6}
	EndGlobalSection
EndGlobal
